// !$*UTF8*$!
{
	archiveVersion = 1;
	classes = {
	};
	objectVersion = 46;
	objects = {

/* Begin PBXBuildFile section */
		1368989D1F2CECC400CC92D8 /* AppDelegate.swift in Sources */ = {isa = PBXBuildFile; fileRef = 1368989C1F2CECC400CC92D8 /* AppDelegate.swift */; };
		1368989F1F2CECC400CC92D8 /* ViewController.swift in Sources */ = {isa = PBXBuildFile; fileRef = 1368989E1F2CECC400CC92D8 /* ViewController.swift */; };
		136898A21F2CECC400CC92D8 /* Main.storyboard in Resources */ = {isa = PBXBuildFile; fileRef = 136898A01F2CECC400CC92D8 /* Main.storyboard */; };
		136898A51F2CECC400CC92D8 /* fastlane_plugin_update_xcodeproj.xcdatamodeld in Sources */ = {isa = PBXBuildFile; fileRef = 136898A31F2CECC400CC92D8 /* fastlane_plugin_update_xcodeproj.xcdatamodeld */; };
		136898A71F2CECC400CC92D8 /* Assets.xcassets in Resources */ = {isa = PBXBuildFile; fileRef = 136898A61F2CECC400CC92D8 /* Assets.xcassets */; };
		136898AA1F2CECC400CC92D8 /* LaunchScreen.storyboard in Resources */ = {isa = PBXBuildFile; fileRef = 136898A81F2CECC400CC92D8 /* LaunchScreen.storyboard */; };
		136898B51F2CECC400CC92D8 /* fastlane_plugin_update_xcodeprojTests.swift in Sources */ = {isa = PBXBuildFile; fileRef = 136898B41F2CECC400CC92D8 /* fastlane_plugin_update_xcodeprojTests.swift */; };
		136898C01F2CECC400CC92D8 /* fastlane_plugin_update_xcodeprojUITests.swift in Sources */ = {isa = PBXBuildFile; fileRef = 136898BF1F2CECC400CC92D8 /* fastlane_plugin_update_xcodeprojUITests.swift */; };
/* End PBXBuildFile section */

/* Begin PBXContainerItemProxy section */
		136898B11F2CECC400CC92D8 /* PBXContainerItemProxy */ = {
			isa = PBXContainerItemProxy;
			containerPortal = 136898911F2CECC400CC92D8 /* Project object */;
			proxyType = 1;
			remoteGlobalIDString = 136898981F2CECC400CC92D8;
			remoteInfo = "fastlane-plugin-update_xcodeproj";
		};
		136898BC1F2CECC400CC92D8 /* PBXContainerItemProxy */ = {
			isa = PBXContainerItemProxy;
			containerPortal = 136898911F2CECC400CC92D8 /* Project object */;
			proxyType = 1;
			remoteGlobalIDString = 136898981F2CECC400CC92D8;
			remoteInfo = "fastlane-plugin-update_xcodeproj";
		};
/* End PBXContainerItemProxy section */

/* Begin PBXFileReference section */
		136898991F2CECC400CC92D8 /* fastlane-plugin-update_xcodeproj.app */ = {isa = PBXFileReference; explicitFileType = wrapper.application; includeInIndex = 0; path = "fastlane-plugin-update_xcodeproj.app"; sourceTree = BUILT_PRODUCTS_DIR; };
		1368989C1F2CECC400CC92D8 /* AppDelegate.swift */ = {isa = PBXFileReference; lastKnownFileType = sourcecode.swift; path = AppDelegate.swift; sourceTree = "<group>"; };
		1368989E1F2CECC400CC92D8 /* ViewController.swift */ = {isa = PBXFileReference; lastKnownFileType = sourcecode.swift; path = ViewController.swift; sourceTree = "<group>"; };
		136898A11F2CECC400CC92D8 /* Base */ = {isa = PBXFileReference; lastKnownFileType = file.storyboard; name = Base; path = Base.lproj/Main.storyboard; sourceTree = "<group>"; };
		136898A41F2CECC400CC92D8 /* fastlane_plugin_update_xcodeproj.xcdatamodel */ = {isa = PBXFileReference; lastKnownFileType = wrapper.xcdatamodel; path = fastlane_plugin_update_xcodeproj.xcdatamodel; sourceTree = "<group>"; };
		136898A61F2CECC400CC92D8 /* Assets.xcassets */ = {isa = PBXFileReference; lastKnownFileType = folder.assetcatalog; path = Assets.xcassets; sourceTree = "<group>"; };
		136898A91F2CECC400CC92D8 /* Base */ = {isa = PBXFileReference; lastKnownFileType = file.storyboard; name = Base; path = Base.lproj/LaunchScreen.storyboard; sourceTree = "<group>"; };
		136898AB1F2CECC400CC92D8 /* Info.plist */ = {isa = PBXFileReference; lastKnownFileType = text.plist.xml; path = Info.plist; sourceTree = "<group>"; };
		136898B01F2CECC400CC92D8 /* fastlane-plugin-update_xcodeprojTests.xctest */ = {isa = PBXFileReference; explicitFileType = wrapper.cfbundle; includeInIndex = 0; path = "fastlane-plugin-update_xcodeprojTests.xctest"; sourceTree = BUILT_PRODUCTS_DIR; };
		136898B41F2CECC400CC92D8 /* fastlane_plugin_update_xcodeprojTests.swift */ = {isa = PBXFileReference; lastKnownFileType = sourcecode.swift; path = fastlane_plugin_update_xcodeprojTests.swift; sourceTree = "<group>"; };
		136898B61F2CECC400CC92D8 /* Info.plist */ = {isa = PBXFileReference; lastKnownFileType = text.plist.xml; path = Info.plist; sourceTree = "<group>"; };
		136898BB1F2CECC400CC92D8 /* fastlane-plugin-update_xcodeprojUITests.xctest */ = {isa = PBXFileReference; explicitFileType = wrapper.cfbundle; includeInIndex = 0; path = "fastlane-plugin-update_xcodeprojUITests.xctest"; sourceTree = BUILT_PRODUCTS_DIR; };
		136898BF1F2CECC400CC92D8 /* fastlane_plugin_update_xcodeprojUITests.swift */ = {isa = PBXFileReference; lastKnownFileType = sourcecode.swift; path = fastlane_plugin_update_xcodeprojUITests.swift; sourceTree = "<group>"; };
		136898C11F2CECC400CC92D8 /* Info.plist */ = {isa = PBXFileReference; lastKnownFileType = text.plist.xml; path = Info.plist; sourceTree = "<group>"; };
/* End PBXFileReference section */

/* Begin PBXFrameworksBuildPhase section */
		136898961F2CECC400CC92D8 /* Frameworks */ = {
			isa = PBXFrameworksBuildPhase;
			buildActionMask = 2147483647;
			files = (
			);
			runOnlyForDeploymentPostprocessing = 0;
		};
		136898AD1F2CECC400CC92D8 /* Frameworks */ = {
			isa = PBXFrameworksBuildPhase;
			buildActionMask = 2147483647;
			files = (
			);
			runOnlyForDeploymentPostprocessing = 0;
		};
		136898B81F2CECC400CC92D8 /* Frameworks */ = {
			isa = PBXFrameworksBuildPhase;
			buildActionMask = 2147483647;
			files = (
			);
			runOnlyForDeploymentPostprocessing = 0;
		};
/* End PBXFrameworksBuildPhase section */

/* Begin PBXGroup section */
		136898901F2CECC400CC92D8 = {
			isa = PBXGroup;
			children = (
				1368989B1F2CECC400CC92D8 /* fastlane-plugin-update_xcodeproj */,
				136898B31F2CECC400CC92D8 /* fastlane-plugin-update_xcodeprojTests */,
				136898BE1F2CECC400CC92D8 /* fastlane-plugin-update_xcodeprojUITests */,
				1368989A1F2CECC400CC92D8 /* Products */,
			);
			sourceTree = "<group>";
		};
		1368989A1F2CECC400CC92D8 /* Products */ = {
			isa = PBXGroup;
			children = (
				136898991F2CECC400CC92D8 /* fastlane-plugin-update_xcodeproj.app */,
				136898B01F2CECC400CC92D8 /* fastlane-plugin-update_xcodeprojTests.xctest */,
				136898BB1F2CECC400CC92D8 /* fastlane-plugin-update_xcodeprojUITests.xctest */,
			);
			name = Products;
			sourceTree = "<group>";
		};
		1368989B1F2CECC400CC92D8 /* fastlane-plugin-update_xcodeproj */ = {
			isa = PBXGroup;
			children = (
				1368989C1F2CECC400CC92D8 /* AppDelegate.swift */,
				1368989E1F2CECC400CC92D8 /* ViewController.swift */,
				136898A01F2CECC400CC92D8 /* Main.storyboard */,
				136898A61F2CECC400CC92D8 /* Assets.xcassets */,
				136898A81F2CECC400CC92D8 /* LaunchScreen.storyboard */,
				136898AB1F2CECC400CC92D8 /* Info.plist */,
				136898A31F2CECC400CC92D8 /* fastlane_plugin_update_xcodeproj.xcdatamodeld */,
			);
			path = "fastlane-plugin-update_xcodeproj";
			sourceTree = "<group>";
		};
		136898B31F2CECC400CC92D8 /* fastlane-plugin-update_xcodeprojTests */ = {
			isa = PBXGroup;
			children = (
				136898B41F2CECC400CC92D8 /* fastlane_plugin_update_xcodeprojTests.swift */,
				136898B61F2CECC400CC92D8 /* Info.plist */,
			);
			path = "fastlane-plugin-update_xcodeprojTests";
			sourceTree = "<group>";
		};
		136898BE1F2CECC400CC92D8 /* fastlane-plugin-update_xcodeprojUITests */ = {
			isa = PBXGroup;
			children = (
				136898BF1F2CECC400CC92D8 /* fastlane_plugin_update_xcodeprojUITests.swift */,
				136898C11F2CECC400CC92D8 /* Info.plist */,
			);
			path = "fastlane-plugin-update_xcodeprojUITests";
			sourceTree = "<group>";
		};
/* End PBXGroup section */

/* Begin PBXNativeTarget section */
		136898981F2CECC400CC92D8 /* fastlane-plugin-update_xcodeproj */ = {
			isa = PBXNativeTarget;
			buildConfigurationList = 136898C41F2CECC400CC92D8 /* Build configuration list for PBXNativeTarget "fastlane-plugin-update_xcodeproj" */;
			buildPhases = (
				136898951F2CECC400CC92D8 /* Sources */,
				136898961F2CECC400CC92D8 /* Frameworks */,
				136898971F2CECC400CC92D8 /* Resources */,
			);
			buildRules = (
			);
			dependencies = (
			);
			name = "fastlane-plugin-update_xcodeproj";
			productName = "fastlane-plugin-update_xcodeproj";
			productReference = 136898991F2CECC400CC92D8 /* fastlane-plugin-update_xcodeproj.app */;
			productType = "com.apple.product-type.application";
		};
		136898AF1F2CECC400CC92D8 /* fastlane-plugin-update_xcodeprojTests */ = {
			isa = PBXNativeTarget;
			buildConfigurationList = 136898C71F2CECC400CC92D8 /* Build configuration list for PBXNativeTarget "fastlane-plugin-update_xcodeprojTests" */;
			buildPhases = (
				136898AC1F2CECC400CC92D8 /* Sources */,
				136898AD1F2CECC400CC92D8 /* Frameworks */,
				136898AE1F2CECC400CC92D8 /* Resources */,
			);
			buildRules = (
			);
			dependencies = (
				136898B21F2CECC400CC92D8 /* PBXTargetDependency */,
			);
			name = "fastlane-plugin-update_xcodeprojTests";
			productName = "fastlane-plugin-update_xcodeprojTests";
			productReference = 136898B01F2CECC400CC92D8 /* fastlane-plugin-update_xcodeprojTests.xctest */;
			productType = "com.apple.product-type.bundle.unit-test";
		};
		136898BA1F2CECC400CC92D8 /* fastlane-plugin-update_xcodeprojUITests */ = {
			isa = PBXNativeTarget;
			buildConfigurationList = 136898CA1F2CECC400CC92D8 /* Build configuration list for PBXNativeTarget "fastlane-plugin-update_xcodeprojUITests" */;
			buildPhases = (
				136898B71F2CECC400CC92D8 /* Sources */,
				136898B81F2CECC400CC92D8 /* Frameworks */,
				136898B91F2CECC400CC92D8 /* Resources */,
			);
			buildRules = (
			);
			dependencies = (
				136898BD1F2CECC400CC92D8 /* PBXTargetDependency */,
			);
			name = "fastlane-plugin-update_xcodeprojUITests";
			productName = "fastlane-plugin-update_xcodeprojUITests";
			productReference = 136898BB1F2CECC400CC92D8 /* fastlane-plugin-update_xcodeprojUITests.xctest */;
			productType = "com.apple.product-type.bundle.ui-testing";
		};
/* End PBXNativeTarget section */

/* Begin PBXProject section */
		136898911F2CECC400CC92D8 /* Project object */ = {
			isa = PBXProject;
			attributes = {
				LastSwiftUpdateCheck = 0830;
				LastUpgradeCheck = 0830;
				ORGANIZATIONNAME = "Fumiya Nakamura";
				TargetAttributes = {
					136898981F2CECC400CC92D8 = {
						CreatedOnToolsVersion = 8.3.3;
						DevelopmentTeam = 8L27T5V5VA;
						ProvisioningStyle = Automatic;
					};
					136898AF1F2CECC400CC92D8 = {
						CreatedOnToolsVersion = 8.3.3;
						DevelopmentTeam = 8L27T5V5VA;
						ProvisioningStyle = Automatic;
						TestTargetID = 136898981F2CECC400CC92D8;
					};
					136898BA1F2CECC400CC92D8 = {
						CreatedOnToolsVersion = 8.3.3;
						DevelopmentTeam = 8L27T5V5VA;
						ProvisioningStyle = Automatic;
						TestTargetID = 136898981F2CECC400CC92D8;
					};
				};
			};
			buildConfigurationList = 136898941F2CECC400CC92D8 /* Build configuration list for PBXProject "fastlane-plugin-update_xcodeproj" */;
			compatibilityVersion = "Xcode 3.2";
			developmentRegion = English;
			hasScannedForEncodings = 0;
			knownRegions = (
				en,
				Base,
			);
			mainGroup = 136898901F2CECC400CC92D8;
			productRefGroup = 1368989A1F2CECC400CC92D8 /* Products */;
			projectDirPath = "";
			projectRoot = "";
			targets = (
				136898981F2CECC400CC92D8 /* fastlane-plugin-update_xcodeproj */,
				136898AF1F2CECC400CC92D8 /* fastlane-plugin-update_xcodeprojTests */,
				136898BA1F2CECC400CC92D8 /* fastlane-plugin-update_xcodeprojUITests */,
			);
		};
/* End PBXProject section */

/* Begin PBXResourcesBuildPhase section */
		136898971F2CECC400CC92D8 /* Resources */ = {
			isa = PBXResourcesBuildPhase;
			buildActionMask = 2147483647;
			files = (
				136898AA1F2CECC400CC92D8 /* LaunchScreen.storyboard in Resources */,
				136898A71F2CECC400CC92D8 /* Assets.xcassets in Resources */,
				136898A21F2CECC400CC92D8 /* Main.storyboard in Resources */,
			);
			runOnlyForDeploymentPostprocessing = 0;
		};
		136898AE1F2CECC400CC92D8 /* Resources */ = {
			isa = PBXResourcesBuildPhase;
			buildActionMask = 2147483647;
			files = (
			);
			runOnlyForDeploymentPostprocessing = 0;
		};
		136898B91F2CECC400CC92D8 /* Resources */ = {
			isa = PBXResourcesBuildPhase;
			buildActionMask = 2147483647;
			files = (
			);
			runOnlyForDeploymentPostprocessing = 0;
		};
/* End PBXResourcesBuildPhase section */

/* Begin PBXSourcesBuildPhase section */
		136898951F2CECC400CC92D8 /* Sources */ = {
			isa = PBXSourcesBuildPhase;
			buildActionMask = 2147483647;
			files = (
				1368989F1F2CECC400CC92D8 /* ViewController.swift in Sources */,
				1368989D1F2CECC400CC92D8 /* AppDelegate.swift in Sources */,
				136898A51F2CECC400CC92D8 /* fastlane_plugin_update_xcodeproj.xcdatamodeld in Sources */,
			);
			runOnlyForDeploymentPostprocessing = 0;
		};
		136898AC1F2CECC400CC92D8 /* Sources */ = {
			isa = PBXSourcesBuildPhase;
			buildActionMask = 2147483647;
			files = (
				136898B51F2CECC400CC92D8 /* fastlane_plugin_update_xcodeprojTests.swift in Sources */,
			);
			runOnlyForDeploymentPostprocessing = 0;
		};
		136898B71F2CECC400CC92D8 /* Sources */ = {
			isa = PBXSourcesBuildPhase;
			buildActionMask = 2147483647;
			files = (
				136898C01F2CECC400CC92D8 /* fastlane_plugin_update_xcodeprojUITests.swift in Sources */,
			);
			runOnlyForDeploymentPostprocessing = 0;
		};
/* End PBXSourcesBuildPhase section */

/* Begin PBXTargetDependency section */
		136898B21F2CECC400CC92D8 /* PBXTargetDependency */ = {
			isa = PBXTargetDependency;
			target = 136898981F2CECC400CC92D8 /* fastlane-plugin-update_xcodeproj */;
			targetProxy = 136898B11F2CECC400CC92D8 /* PBXContainerItemProxy */;
		};
		136898BD1F2CECC400CC92D8 /* PBXTargetDependency */ = {
			isa = PBXTargetDependency;
			target = 136898981F2CECC400CC92D8 /* fastlane-plugin-update_xcodeproj */;
			targetProxy = 136898BC1F2CECC400CC92D8 /* PBXContainerItemProxy */;
		};
/* End PBXTargetDependency section */

/* Begin PBXVariantGroup section */
		136898A01F2CECC400CC92D8 /* Main.storyboard */ = {
			isa = PBXVariantGroup;
			children = (
				136898A11F2CECC400CC92D8 /* Base */,
			);
			name = Main.storyboard;
			sourceTree = "<group>";
		};
		136898A81F2CECC400CC92D8 /* LaunchScreen.storyboard */ = {
			isa = PBXVariantGroup;
			children = (
				136898A91F2CECC400CC92D8 /* Base */,
			);
			name = LaunchScreen.storyboard;
			sourceTree = "<group>";
		};
/* End PBXVariantGroup section */

/* Begin XCBuildConfiguration section */
		136898C21F2CECC400CC92D8 /* Debug */ = {
			isa = XCBuildConfiguration;
			buildSettings = {
				ALWAYS_SEARCH_USER_PATHS = NO;
				CLANG_ANALYZER_NONNULL = YES;
				CLANG_ANALYZER_NUMBER_OBJECT_CONVERSION = YES_AGGRESSIVE;
				CLANG_CXX_LANGUAGE_STANDARD = "gnu++0x";
				CLANG_CXX_LIBRARY = "libc++";
				CLANG_ENABLE_MODULES = YES;
				CLANG_ENABLE_OBJC_ARC = YES;
				CLANG_WARN_BOOL_CONVERSION = YES;
				CLANG_WARN_CONSTANT_CONVERSION = YES;
				CLANG_WARN_DIRECT_OBJC_ISA_USAGE = YES_ERROR;
				CLANG_WARN_DOCUMENTATION_COMMENTS = YES;
				CLANG_WARN_EMPTY_BODY = YES;
				CLANG_WARN_ENUM_CONVERSION = YES;
				CLANG_WARN_INFINITE_RECURSION = YES;
				CLANG_WARN_INT_CONVERSION = YES;
				CLANG_WARN_OBJC_ROOT_CLASS = YES_ERROR;
				CLANG_WARN_SUSPICIOUS_MOVE = YES;
				CLANG_WARN_UNREACHABLE_CODE = YES;
				CLANG_WARN__DUPLICATE_METHOD_MATCH = YES;
				"CODE_SIGN_IDENTITY[sdk=iphoneos*]" = "iPhone Developer";
				COPY_PHASE_STRIP = NO;
				DEBUG_INFORMATION_FORMAT = dwarf;
				ENABLE_STRICT_OBJC_MSGSEND = YES;
				ENABLE_TESTABILITY = YES;
				GCC_C_LANGUAGE_STANDARD = gnu99;
				GCC_DYNAMIC_NO_PIC = NO;
				GCC_NO_COMMON_BLOCKS = YES;
				GCC_OPTIMIZATION_LEVEL = 0;
				GCC_PREPROCESSOR_DEFINITIONS = (
					"DEBUG=1",
					"$(inherited)",
				);
				GCC_WARN_64_TO_32_BIT_CONVERSION = YES;
				GCC_WARN_ABOUT_RETURN_TYPE = YES_ERROR;
				GCC_WARN_UNDECLARED_SELECTOR = YES;
				GCC_WARN_UNINITIALIZED_AUTOS = YES_AGGRESSIVE;
				GCC_WARN_UNUSED_FUNCTION = YES;
				GCC_WARN_UNUSED_VARIABLE = YES;
				IPHONEOS_DEPLOYMENT_TARGET = 10.3;
				MTL_ENABLE_DEBUG_INFO = YES;
				ONLY_ACTIVE_ARCH = YES;
				SDKROOT = iphoneos;
				SWIFT_ACTIVE_COMPILATION_CONDITIONS = DEBUG;
				SWIFT_OPTIMIZATION_LEVEL = "-Onone";
				TARGETED_DEVICE_FAMILY = "1,2";
			};
			name = Debug;
		};
		136898C31F2CECC400CC92D8 /* Release */ = {
			isa = XCBuildConfiguration;
			buildSettings = {
				ALWAYS_SEARCH_USER_PATHS = NO;
				CLANG_ANALYZER_NONNULL = YES;
				CLANG_ANALYZER_NUMBER_OBJECT_CONVERSION = YES_AGGRESSIVE;
				CLANG_CXX_LANGUAGE_STANDARD = "gnu++0x";
				CLANG_CXX_LIBRARY = "libc++";
				CLANG_ENABLE_MODULES = YES;
				CLANG_ENABLE_OBJC_ARC = YES;
				CLANG_WARN_BOOL_CONVERSION = YES;
				CLANG_WARN_CONSTANT_CONVERSION = YES;
				CLANG_WARN_DIRECT_OBJC_ISA_USAGE = YES_ERROR;
				CLANG_WARN_DOCUMENTATION_COMMENTS = YES;
				CLANG_WARN_EMPTY_BODY = YES;
				CLANG_WARN_ENUM_CONVERSION = YES;
				CLANG_WARN_INFINITE_RECURSION = YES;
				CLANG_WARN_INT_CONVERSION = YES;
				CLANG_WARN_OBJC_ROOT_CLASS = YES_ERROR;
				CLANG_WARN_SUSPICIOUS_MOVE = YES;
				CLANG_WARN_UNREACHABLE_CODE = YES;
				CLANG_WARN__DUPLICATE_METHOD_MATCH = YES;
				"CODE_SIGN_IDENTITY[sdk=iphoneos*]" = "iPhone Developer";
				COPY_PHASE_STRIP = NO;
				DEBUG_INFORMATION_FORMAT = "dwarf-with-dsym";
				ENABLE_NS_ASSERTIONS = NO;
				ENABLE_STRICT_OBJC_MSGSEND = YES;
				GCC_C_LANGUAGE_STANDARD = gnu99;
				GCC_NO_COMMON_BLOCKS = YES;
				GCC_WARN_64_TO_32_BIT_CONVERSION = YES;
				GCC_WARN_ABOUT_RETURN_TYPE = YES_ERROR;
				GCC_WARN_UNDECLARED_SELECTOR = YES;
				GCC_WARN_UNINITIALIZED_AUTOS = YES_AGGRESSIVE;
				GCC_WARN_UNUSED_FUNCTION = YES;
				GCC_WARN_UNUSED_VARIABLE = YES;
				IPHONEOS_DEPLOYMENT_TARGET = 10.3;
				MTL_ENABLE_DEBUG_INFO = NO;
				SDKROOT = iphoneos;
				SWIFT_OPTIMIZATION_LEVEL = "-Owholemodule";
				TARGETED_DEVICE_FAMILY = "1,2";
				VALIDATE_PRODUCT = YES;
			};
			name = Release;
		};
		136898C51F2CECC400CC92D8 /* Debug */ = {
			isa = XCBuildConfiguration;
			buildSettings = {
				ASSETCATALOG_COMPILER_APPICON_NAME = AppIcon;
				DEVELOPMENT_TEAM = 8L27T5V5VA;
				INFOPLIST_FILE = "fastlane-plugin-update_xcodeproj/Info.plist";
				LD_RUNPATH_SEARCH_PATHS = "$(inherited) @executable_path/Frameworks";
				PRODUCT_BUNDLE_IDENTIFIER = "com.fumiya-nakamura.fastlane-plugin-update-xcodeproj";
				PRODUCT_NAME = "$(TARGET_NAME)";
				SWIFT_VERSION = 3.0;
			};
			name = Debug;
		};
		136898C61F2CECC400CC92D8 /* Release */ = {
			isa = XCBuildConfiguration;
			buildSettings = {
				ASSETCATALOG_COMPILER_APPICON_NAME = AppIcon;
				DEVELOPMENT_TEAM = 8L27T5V5VA;
				INFOPLIST_FILE = "fastlane-plugin-update_xcodeproj/Info.plist";
				LD_RUNPATH_SEARCH_PATHS = "$(inherited) @executable_path/Frameworks";
				PRODUCT_BUNDLE_IDENTIFIER = "com.fumiya-nakamura.fastlane-plugin-update-xcodeproj";
				PRODUCT_NAME = "$(TARGET_NAME)";
				SWIFT_VERSION = 3.0;
			};
			name = Release;
		};
		136898C81F2CECC400CC92D8 /* Debug */ = {
			isa = XCBuildConfiguration;
			buildSettings = {
				ALWAYS_EMBED_SWIFT_STANDARD_LIBRARIES = YES;
				BUNDLE_LOADER = "$(TEST_HOST)";
				DEVELOPMENT_TEAM = 8L27T5V5VA;
				INFOPLIST_FILE = "fastlane-plugin-update_xcodeprojTests/Info.plist";
				LD_RUNPATH_SEARCH_PATHS = "$(inherited) @executable_path/Frameworks @loader_path/Frameworks";
				PRODUCT_BUNDLE_IDENTIFIER = "com.fumiya-nakamura.fastlane-plugin-update-xcodeprojTests";
				PRODUCT_NAME = "$(TARGET_NAME)";
				SWIFT_VERSION = 3.0;
				TEST_HOST = "$(BUILT_PRODUCTS_DIR)/fastlane-plugin-update_xcodeproj.app/fastlane-plugin-update_xcodeproj";
			};
			name = Debug;
		};
		136898C91F2CECC400CC92D8 /* Release */ = {
			isa = XCBuildConfiguration;
			buildSettings = {
				ALWAYS_EMBED_SWIFT_STANDARD_LIBRARIES = YES;
				BUNDLE_LOADER = "$(TEST_HOST)";
				DEVELOPMENT_TEAM = 8L27T5V5VA;
				INFOPLIST_FILE = "fastlane-plugin-update_xcodeprojTests/Info.plist";
				LD_RUNPATH_SEARCH_PATHS = "$(inherited) @executable_path/Frameworks @loader_path/Frameworks";
				PRODUCT_BUNDLE_IDENTIFIER = "com.fumiya-nakamura.fastlane-plugin-update-xcodeprojTests";
				PRODUCT_NAME = "$(TARGET_NAME)";
				SWIFT_VERSION = 3.0;
				TEST_HOST = "$(BUILT_PRODUCTS_DIR)/fastlane-plugin-update_xcodeproj.app/fastlane-plugin-update_xcodeproj";
			};
			name = Release;
		};
		136898CB1F2CECC400CC92D8 /* Debug */ = {
			isa = XCBuildConfiguration;
			buildSettings = {
				ALWAYS_EMBED_SWIFT_STANDARD_LIBRARIES = YES;
				DEVELOPMENT_TEAM = 8L27T5V5VA;
				INFOPLIST_FILE = "fastlane-plugin-update_xcodeprojUITests/Info.plist";
				LD_RUNPATH_SEARCH_PATHS = "$(inherited) @executable_path/Frameworks @loader_path/Frameworks";
				PRODUCT_BUNDLE_IDENTIFIER = "com.fumiya-nakamura.fastlane-plugin-update-xcodeprojUITests";
				PRODUCT_NAME = "$(TARGET_NAME)";
				SWIFT_VERSION = 3.0;
				TEST_TARGET_NAME = "fastlane-plugin-update_xcodeproj";
			};
			name = Debug;
		};
		136898CC1F2CECC400CC92D8 /* Release */ = {
			isa = XCBuildConfiguration;
			buildSettings = {
				ALWAYS_EMBED_SWIFT_STANDARD_LIBRARIES = YES;
				DEVELOPMENT_TEAM = 8L27T5V5VA;
				INFOPLIST_FILE = "fastlane-plugin-update_xcodeprojUITests/Info.plist";
				LD_RUNPATH_SEARCH_PATHS = "$(inherited) @executable_path/Frameworks @loader_path/Frameworks";
				PRODUCT_BUNDLE_IDENTIFIER = "com.fumiya-nakamura.fastlane-plugin-update-xcodeprojUITests";
				PRODUCT_NAME = "$(TARGET_NAME)";
				SWIFT_VERSION = 3.0;
				TEST_TARGET_NAME = "fastlane-plugin-update_xcodeproj";
			};
			name = Release;
		};
/* End XCBuildConfiguration section */

/* Begin XCConfigurationList section */
		136898941F2CECC400CC92D8 /* Build configuration list for PBXProject "fastlane-plugin-update_xcodeproj" */ = {
			isa = XCConfigurationList;
			buildConfigurations = (
				136898C21F2CECC400CC92D8 /* Debug */,
				136898C31F2CECC400CC92D8 /* Release */,
			);
			defaultConfigurationIsVisible = 0;
			defaultConfigurationName = Release;
		};
		136898C41F2CECC400CC92D8 /* Build configuration list for PBXNativeTarget "fastlane-plugin-update_xcodeproj" */ = {
			isa = XCConfigurationList;
			buildConfigurations = (
				136898C51F2CECC400CC92D8 /* Debug */,
				136898C61F2CECC400CC92D8 /* Release */,
			);
			defaultConfigurationIsVisible = 0;
		};
		136898C71F2CECC400CC92D8 /* Build configuration list for PBXNativeTarget "fastlane-plugin-update_xcodeprojTests" */ = {
			isa = XCConfigurationList;
			buildConfigurations = (
				136898C81F2CECC400CC92D8 /* Debug */,
				136898C91F2CECC400CC92D8 /* Release */,
			);
			defaultConfigurationIsVisible = 0;
		};
		136898CA1F2CECC400CC92D8 /* Build configuration list for PBXNativeTarget "fastlane-plugin-update_xcodeprojUITests" */ = {
			isa = XCConfigurationList;
			buildConfigurations = (
				136898CB1F2CECC400CC92D8 /* Debug */,
				136898CC1F2CECC400CC92D8 /* Release */,
			);
			defaultConfigurationIsVisible = 0;
		};
/* End XCConfigurationList section */

/* Begin XCVersionGroup section */
		136898A31F2CECC400CC92D8 /* fastlane_plugin_update_xcodeproj.xcdatamodeld */ = {
			isa = XCVersionGroup;
			children = (
				136898A41F2CECC400CC92D8 /* fastlane_plugin_update_xcodeproj.xcdatamodel */,
			);
			currentVersion = 136898A41F2CECC400CC92D8 /* fastlane_plugin_update_xcodeproj.xcdatamodel */;
			path = fastlane_plugin_update_xcodeproj.xcdatamodeld;
			sourceTree = "<group>";
			versionGroupType = wrapper.xcdatamodel;
		};
/* End XCVersionGroup section */
	};
	rootObject = 136898911F2CECC400CC92D8 /* Project object */;
}
